github.com/yudiwdynto/hugo-theme-akasia v0.0.0-20221023022500-a8d63cd58298 h1:sTKSMEpGrA231poyyhMfQJ1O15eFD8x3/F0B6lTb6SI=
github.com/yudiwdynto/hugo-theme-akasia v0.0.0-20221023022500-a8d63cd58298/go.mod h1:wzhlQY2QgdUnMnUFN7LWCPieXSr9R8U0+qS0QmQKa5w=
github.com/yudiwdynto/hugo-theme-akasia v0.0.0-20221023060523-9eac22044ae3 h1:JN/hsK9h/QgBC8x127IubDkTFlDg4IgG5FDx1snHC+g=
github.com/yudiwdynto/hugo-theme-akasia v0.0.0-20221023060523-9eac22044ae3/go.mod h1:wzhlQY2QgdUnMnUFN7LWCPieXSr9R8U0+qS0QmQKa5w=
